
Microsoft Visual Studio Solution File, Format Version 12.00
# Visual Studio Version 17
VisualStudioVersion = 17.0.32112.339
MinimumVisualStudioVersion = 10.0.40219.1
Project("{FAE04EC0-301F-11D3-BF4B-00C04F79EFBC}") = "ForJob", "ForJob\ForJob.csproj", "{25B4DD5D-FE77-40C6-A542-D474762EF222}"
EndProject
Global
	GlobalSection(SolutionConfigurationPlatforms) = preSolution
		Debug|Any CPU = Debug|Any CPU
		Release|Any CPU = Release|Any CPU
	EndGlobalSection
	GlobalSection(ProjectConfigurationPlatforms) = postSolution
		{25B4DD5D-FE77-40C6-A542-D474762EF222}.Debug|Any CPU.ActiveCfg = Debug|Any CPU
		{25B4DD5D-FE77-40C6-A542-D474762EF222}.Debug|Any CPU.Build.0 = Debug|Any CPU
		{25B4DD5D-FE77-40C6-A542-D474762EF222}.Release|Any CPU.ActiveCfg = Release|Any CPU
		{25B4DD5D-FE77-40C6-A542-D474762EF222}.Release|Any CPU.Build.0 = Release|Any CPU
	EndGlobalSection
	GlobalSection(SolutionProperties) = preSolution
		HideSolutionNode = FALSE
	EndGlobalSection
	GlobalSection(ExtensibilityGlobals) = postSolution
		SolutionGuid = {BDF1447A-08F5-4E40-B394-A766F8C0A08B}
	EndGlobalSection
EndGlobal
